{
	"name": "@egjs/ngx-conveyer",
	"version": "1.2.0",
	"lockfileVersion": 2,
	"requires": true,
	"packages": {
		"": {
			"name": "@egjs/ngx-conveyer",
			"version": "1.1.0",
			"license": "MIT",
			"dependencies": {
				"@egjs/conveyer": "~1.1.0",
				"tslib": "^2.3.0"
			},
			"peerDependencies": {
				"@angular/common": "^13.0.0",
				"@angular/core": "^13.0.0"
			}
		},
		"node_modules/@angular/common": {
			"version": "13.3.11",
			"resolved": "https://registry.npmjs.org/@angular/common/-/common-13.3.11.tgz",
			"integrity": "sha512-gPMwDYIAag1izXm2tRQ6EOIx9FVEUqLdr+qYtRVoQtoBmfkoTSLGcpeBXqqlPVxVPbA6Li1WZZT5wxLLlLAN+Q==",
			"peer": true,
			"dependencies": {
				"tslib": "^2.3.0"
			},
			"engines": {
				"node": "^12.20.0 || ^14.15.0 || >=16.10.0"
			},
			"peerDependencies": {
				"@angular/core": "13.3.11",
				"rxjs": "^6.5.3 || ^7.4.0"
			}
		},
		"node_modules/@angular/core": {
			"version": "13.3.11",
			"resolved": "https://registry.npmjs.org/@angular/core/-/core-13.3.11.tgz",
			"integrity": "sha512-9BmE2CxyV0g+AkBeuc8IwjSOiJ8Y+kptXnqD/J8EAFT3B0/fLGVnjFdZC6Sev9L0SNZb6qdzebpfIOLqbUjReQ==",
			"peer": true,
			"dependencies": {
				"tslib": "^2.3.0"
			},
			"engines": {
				"node": "^12.20.0 || ^14.15.0 || >=16.10.0"
			},
			"peerDependencies": {
				"rxjs": "^6.5.3 || ^7.4.0",
				"zone.js": "~0.11.4"
			}
		},
		"node_modules/@egjs/agent": {
			"version": "2.3.0",
			"resolved": "https://registry.npmjs.org/@egjs/agent/-/agent-2.3.0.tgz",
			"integrity": "sha512-ENhwkOW6rnYW8IuXJwvECIAzj7nMxq+ctB8uCJ+mKnoKK8tGiv3YXtN6nuaOov2YmXdRdwafSz9rhgRNXswX/A=="
		},
		"node_modules/@egjs/axes": {
			"version": "2.8.0",
			"resolved": "https://registry.npmjs.org/@egjs/axes/-/axes-2.8.0.tgz",
			"integrity": "sha512-WPMIM/ExZBS8guD3oeNr6YGDn2xSnj0YUZHWvY/NWvTQIs7A2O7WxJivYgzcg7r2q0RYtzrdpHn+982iaKCLSw==",
			"dependencies": {
				"@egjs/agent": "^2.2.1",
				"@egjs/component": "^2.2.2",
				"@egjs/hammerjs": "^2.0.15"
			}
		},
		"node_modules/@egjs/axes/node_modules/@egjs/component": {
			"version": "2.2.2",
			"resolved": "https://registry.npmjs.org/@egjs/component/-/component-2.2.2.tgz",
			"integrity": "sha512-2m6nu6/Mbs6VnoT4IHFGUBX6V82Zp01zDmlWpIJ3fMatHpe7BB1qUYFgMmSWGY0uOvOl4plvflwbCRUAGMfwWQ=="
		},
		"node_modules/@egjs/component": {
			"version": "3.0.2",
			"resolved": "https://registry.npmjs.org/@egjs/component/-/component-3.0.2.tgz",
			"integrity": "sha512-Mze3mwEE19+dERrimg0JVLtpOHG4AC+LOuKqvF4qGZjn0k23ZbNI7b/gy1LFR63LigC2b8k70aDjy8xoT+WNPA=="
		},
		"node_modules/@egjs/conveyer": {
			"version": "1.1.0",
			"resolved": "https://registry.npmjs.org/@egjs/conveyer/-/conveyer-1.1.0.tgz",
			"integrity": "sha512-WjM4KBb334M+g5CDIjwPY8CzmHTPIvZmpwl+imYBzpiK7+w6JKJJ3hz80bKvIqGY4gARA4DviIkE2RLEQo15kg==",
			"dependencies": {
				"@egjs/axes": "^2.8.0",
				"@egjs/component": "^3.0.1"
			}
		},
		"node_modules/@egjs/hammerjs": {
			"version": "2.0.17",
			"resolved": "https://registry.npmjs.org/@egjs/hammerjs/-/hammerjs-2.0.17.tgz",
			"integrity": "sha512-XQsZgjm2EcVUiZQf11UBJQfmZeEmOW8DpI1gsFeln6w0ae0ii4dMQEQ0kjl6DspdWX1aGY1/loyXnP0JS06e/A==",
			"dependencies": {
				"@types/hammerjs": "^2.0.36"
			},
			"engines": {
				"node": ">=0.8.0"
			}
		},
		"node_modules/@types/hammerjs": {
			"version": "2.0.41",
			"resolved": "https://registry.npmjs.org/@types/hammerjs/-/hammerjs-2.0.41.tgz",
			"integrity": "sha512-ewXv/ceBaJprikMcxCmWU1FKyMAQ2X7a9Gtmzw8fcg2kIePI1crERDM818W+XYrxqdBBOdlf2rm137bU+BltCA=="
		},
		"node_modules/rxjs": {
			"version": "7.5.5",
			"resolved": "https://registry.npmjs.org/rxjs/-/rxjs-7.5.5.tgz",
			"integrity": "sha512-sy+H0pQofO95VDmFLzyaw9xNJU4KTRSwQIGM6+iG3SypAtCiLDzpeG8sJrNCWn2Up9km+KhkvTdbkrdy+yzZdw==",
			"peer": true,
			"dependencies": {
				"tslib": "^2.1.0"
			}
		},
		"node_modules/tslib": {
			"version": "2.3.1",
			"resolved": "https://registry.navercorp.com:443/api/npm/npm-naver/tslib/-/tslib-2.3.1.tgz",
			"integrity": "sha1-6KM1rdXOrlGqJh0ypJAVjvBC7wE="
		},
		"node_modules/zone.js": {
			"version": "0.11.5",
			"resolved": "https://registry.npmjs.org/zone.js/-/zone.js-0.11.5.tgz",
			"integrity": "sha512-D1/7VxEuQ7xk6z/kAROe4SUbd9CzxY4zOwVGnGHerd/SgLIVU5f4esDzQUsOCeArn933BZfWMKydH7l7dPEp0g==",
			"peer": true,
			"dependencies": {
				"tslib": "^2.3.0"
			}
		}
	},
	"dependencies": {
		"@angular/common": {
			"version": "13.3.11",
			"resolved": "https://registry.npmjs.org/@angular/common/-/common-13.3.11.tgz",
			"integrity": "sha512-gPMwDYIAag1izXm2tRQ6EOIx9FVEUqLdr+qYtRVoQtoBmfkoTSLGcpeBXqqlPVxVPbA6Li1WZZT5wxLLlLAN+Q==",
			"peer": true,
			"requires": {
				"tslib": "^2.3.0"
			}
		},
		"@angular/core": {
			"version": "13.3.11",
			"resolved": "https://registry.npmjs.org/@angular/core/-/core-13.3.11.tgz",
			"integrity": "sha512-9BmE2CxyV0g+AkBeuc8IwjSOiJ8Y+kptXnqD/J8EAFT3B0/fLGVnjFdZC6Sev9L0SNZb6qdzebpfIOLqbUjReQ==",
			"peer": true,
			"requires": {
				"tslib": "^2.3.0"
			}
		},
		"@egjs/agent": {
			"version": "2.3.0",
			"resolved": "https://registry.npmjs.org/@egjs/agent/-/agent-2.3.0.tgz",
			"integrity": "sha512-ENhwkOW6rnYW8IuXJwvECIAzj7nMxq+ctB8uCJ+mKnoKK8tGiv3YXtN6nuaOov2YmXdRdwafSz9rhgRNXswX/A=="
		},
		"@egjs/axes": {
			"version": "2.8.0",
			"resolved": "https://registry.npmjs.org/@egjs/axes/-/axes-2.8.0.tgz",
			"integrity": "sha512-WPMIM/ExZBS8guD3oeNr6YGDn2xSnj0YUZHWvY/NWvTQIs7A2O7WxJivYgzcg7r2q0RYtzrdpHn+982iaKCLSw==",
			"requires": {
				"@egjs/agent": "^2.2.1",
				"@egjs/component": "^2.2.2",
				"@egjs/hammerjs": "^2.0.15"
			},
			"dependencies": {
				"@egjs/component": {
					"version": "2.2.2",
					"resolved": "https://registry.npmjs.org/@egjs/component/-/component-2.2.2.tgz",
					"integrity": "sha512-2m6nu6/Mbs6VnoT4IHFGUBX6V82Zp01zDmlWpIJ3fMatHpe7BB1qUYFgMmSWGY0uOvOl4plvflwbCRUAGMfwWQ=="
				}
			}
		},
		"@egjs/component": {
			"version": "3.0.2",
			"resolved": "https://registry.npmjs.org/@egjs/component/-/component-3.0.2.tgz",
			"integrity": "sha512-Mze3mwEE19+dERrimg0JVLtpOHG4AC+LOuKqvF4qGZjn0k23ZbNI7b/gy1LFR63LigC2b8k70aDjy8xoT+WNPA=="
		},
		"@egjs/conveyer": {
			"version": "1.1.0",
			"resolved": "https://registry.npmjs.org/@egjs/conveyer/-/conveyer-1.1.0.tgz",
			"integrity": "sha512-WjM4KBb334M+g5CDIjwPY8CzmHTPIvZmpwl+imYBzpiK7+w6JKJJ3hz80bKvIqGY4gARA4DviIkE2RLEQo15kg==",
			"requires": {
				"@egjs/axes": "^2.8.0",
				"@egjs/component": "^3.0.1"
			}
		},
		"@egjs/hammerjs": {
			"version": "2.0.17",
			"resolved": "https://registry.npmjs.org/@egjs/hammerjs/-/hammerjs-2.0.17.tgz",
			"integrity": "sha512-XQsZgjm2EcVUiZQf11UBJQfmZeEmOW8DpI1gsFeln6w0ae0ii4dMQEQ0kjl6DspdWX1aGY1/loyXnP0JS06e/A==",
			"requires": {
				"@types/hammerjs": "^2.0.36"
			}
		},
		"@types/hammerjs": {
			"version": "2.0.41",
			"resolved": "https://registry.npmjs.org/@types/hammerjs/-/hammerjs-2.0.41.tgz",
			"integrity": "sha512-ewXv/ceBaJprikMcxCmWU1FKyMAQ2X7a9Gtmzw8fcg2kIePI1crERDM818W+XYrxqdBBOdlf2rm137bU+BltCA=="
		},
		"rxjs": {
			"version": "7.5.5",
			"resolved": "https://registry.npmjs.org/rxjs/-/rxjs-7.5.5.tgz",
			"integrity": "sha512-sy+H0pQofO95VDmFLzyaw9xNJU4KTRSwQIGM6+iG3SypAtCiLDzpeG8sJrNCWn2Up9km+KhkvTdbkrdy+yzZdw==",
			"peer": true,
			"requires": {
				"tslib": "^2.1.0"
			}
		},
		"tslib": {
			"version": "2.3.1",
			"resolved": "https://registry.navercorp.com:443/api/npm/npm-naver/tslib/-/tslib-2.3.1.tgz",
			"integrity": "sha1-6KM1rdXOrlGqJh0ypJAVjvBC7wE="
		},
		"zone.js": {
			"version": "0.11.5",
			"resolved": "https://registry.npmjs.org/zone.js/-/zone.js-0.11.5.tgz",
			"integrity": "sha512-D1/7VxEuQ7xk6z/kAROe4SUbd9CzxY4zOwVGnGHerd/SgLIVU5f4esDzQUsOCeArn933BZfWMKydH7l7dPEp0g==",
			"peer": true,
			"requires": {
				"tslib": "^2.3.0"
			}
		}
	}
}
